{
  "originHash" : "858811d7c7fc8ba8620927b0e8e400c84c5b216cd6d5f93d7100bba6669d5275",
  "pins" : [
    {
      "identity" : "swiftkeychainwrapper",
      "kind" : "remoteSourceControl",
      "location" : "https://github.com/jrendel/SwiftKeychainWrapper",
      "state" : {
        "revision" : "185a3165346a03767101c4f62e9a545a0fe0530f",
        "version" : "4.0.1"
      }
    }
  ],
  "version" : 3
}
